{
  "name": "scholarslab.org",
  "version": "1.0.0",
  "lockfileVersion": 1,
  "requires": true,
  "dependencies": {
    "lunr": {
      "version": "2.1.4",
      "resolved": "https://registry.npmjs.org/lunr/-/lunr-2.1.4.tgz",
      "integrity": "sha512-7kj5e+Tnyw+pvdOVWkx38Dic//doyVGrLtDAUb+2LK3Hc5Cy0RkR3DslNWrBh30LDFFDm8qGLeSwV9XJ6FcTpg=="
    },
    "moment": {
      "version": "2.19.1",
      "resolved": "https://registry.npmjs.org/moment/-/moment-2.19.1.tgz",
      "integrity": "sha1-VtoaLRy/AdOLfhr8McELz6GSkWc="
    }
  }
}
